
Microsoft Visual Studio Solution File, Format Version 12.00
# Visual Studio Version 17
VisualStudioVersion = 17.2.32602.215
MinimumVisualStudioVersion = 10.0.40219.1
Project("{FAE04EC0-301F-11D3-BF4B-00C04F79EFBC}") = "WebApp2", "WebApp2\WebApp2.csproj", "{104838BF-24D1-4CB8-8D26-B6BC2825ABCD}"
EndProject
Global
	GlobalSection(SolutionConfigurationPlatforms) = preSolution
		Debug|Any CPU = Debug|Any CPU
		Release|Any CPU = Release|Any CPU
	EndGlobalSection
	GlobalSection(ProjectConfigurationPlatforms) = postSolution
		{104838BF-24D1-4CB8-8D26-B6BC2825ABCD}.Debug|Any CPU.ActiveCfg = Debug|Any CPU
		{104838BF-24D1-4CB8-8D26-B6BC2825ABCD}.Debug|Any CPU.Build.0 = Debug|Any CPU
		{104838BF-24D1-4CB8-8D26-B6BC2825ABCD}.Release|Any CPU.ActiveCfg = Release|Any CPU
		{104838BF-24D1-4CB8-8D26-B6BC2825ABCD}.Release|Any CPU.Build.0 = Release|Any CPU
	EndGlobalSection
	GlobalSection(SolutionProperties) = preSolution
		HideSolutionNode = FALSE
	EndGlobalSection
	GlobalSection(ExtensibilityGlobals) = postSolution
		SolutionGuid = {25C7D7B6-B6D8-4F83-9E27-758574828A9D}
	EndGlobalSection
EndGlobal
