
Microsoft Visual Studio Solution File, Format Version 12.00
# Visual Studio Version 17
VisualStudioVersion = 17.5.33627.172
MinimumVisualStudioVersion = 10.0.40219.1
Project("{FAE04EC0-301F-11D3-BF4B-00C04F79EFBC}") = "WpfAppNF48", "WpfAppNF48\WpfAppNF48.csproj", "{EAA30DD3-DFAC-49F2-9772-44ABA7CF5A98}"
EndProject
Project("{FAE04EC0-301F-11D3-BF4B-00C04F79EFBC}") = "WpfApp1", "WpfApp1\WpfApp1.csproj", "{CB001D52-2BAC-4D68-8809-1EC3F31BD2B0}"
EndProject
Project("{9A19103F-16F7-4668-BE54-9A1E7A4F7556}") = "CustomRoutedCommand", "CustomRoutedCommand\CustomRoutedCommand.csproj", "{23F1D90A-D9E2-41B8-AE50-86CB83115E23}"
EndProject
Project("{FAE04EC0-301F-11D3-BF4B-00C04F79EFBC}") = "WpfCommands", "WpfCommands\WpfCommands.csproj", "{CADB5959-781F-4959-BDAE-8590AC113C1E}"
EndProject
Project("{FAE04EC0-301F-11D3-BF4B-00C04F79EFBC}") = "WpfMvvmTest", "SampleMVVMApplication\SampleMVVM\WpfMvvmTest\WpfMvvmTest.csproj", "{2FB0D42E-2D4F-4097-970A-BCDA7D63A81C}"
EndProject
Project("{FAE04EC0-301F-11D3-BF4B-00C04F79EFBC}") = "WpfSimple", "SampleMVVMApplication\SampleMVVM\wpfSimple\WpfSimple.csproj", "{E2387655-B202-464B-B79E-66580924E0F9}"
EndProject
Project("{FAE04EC0-301F-11D3-BF4B-00C04F79EFBC}") = "ConsoleApp1", "ConsoleApp1\ConsoleApp1.csproj", "{003AEE9B-AF40-4FA6-A2B1-D7CE0D205A05}"
EndProject
Project("{FAE04EC0-301F-11D3-BF4B-00C04F79EFBC}") = "WpfApp2NF48", "WpfApp2NF48\WpfApp2NF48.csproj", "{8B9002C9-AA9F-4598-AFAA-A3324011275D}"
EndProject
Project("{FAE04EC0-301F-11D3-BF4B-00C04F79EFBC}") = "WpfAppMVVM", "WpfAppMVVM\WpfAppMVVM.csproj", "{48074413-9051-4317-AD83-5333947C1C71}"
EndProject
Global
	GlobalSection(SolutionConfigurationPlatforms) = preSolution
		Debug|Any CPU = Debug|Any CPU
		Debug|x86 = Debug|x86
		Release|Any CPU = Release|Any CPU
		Release|x86 = Release|x86
	EndGlobalSection
	GlobalSection(ProjectConfigurationPlatforms) = postSolution
		{EAA30DD3-DFAC-49F2-9772-44ABA7CF5A98}.Debug|Any CPU.ActiveCfg = Debug|Any CPU
		{EAA30DD3-DFAC-49F2-9772-44ABA7CF5A98}.Debug|Any CPU.Build.0 = Debug|Any CPU
		{EAA30DD3-DFAC-49F2-9772-44ABA7CF5A98}.Debug|x86.ActiveCfg = Debug|Any CPU
		{EAA30DD3-DFAC-49F2-9772-44ABA7CF5A98}.Debug|x86.Build.0 = Debug|Any CPU
		{EAA30DD3-DFAC-49F2-9772-44ABA7CF5A98}.Release|Any CPU.ActiveCfg = Release|Any CPU
		{EAA30DD3-DFAC-49F2-9772-44ABA7CF5A98}.Release|Any CPU.Build.0 = Release|Any CPU
		{EAA30DD3-DFAC-49F2-9772-44ABA7CF5A98}.Release|x86.ActiveCfg = Release|Any CPU
		{EAA30DD3-DFAC-49F2-9772-44ABA7CF5A98}.Release|x86.Build.0 = Release|Any CPU
		{CB001D52-2BAC-4D68-8809-1EC3F31BD2B0}.Debug|Any CPU.ActiveCfg = Debug|Any CPU
		{CB001D52-2BAC-4D68-8809-1EC3F31BD2B0}.Debug|Any CPU.Build.0 = Debug|Any CPU
		{CB001D52-2BAC-4D68-8809-1EC3F31BD2B0}.Debug|x86.ActiveCfg = Debug|Any CPU
		{CB001D52-2BAC-4D68-8809-1EC3F31BD2B0}.Debug|x86.Build.0 = Debug|Any CPU
		{CB001D52-2BAC-4D68-8809-1EC3F31BD2B0}.Release|Any CPU.ActiveCfg = Release|Any CPU
		{CB001D52-2BAC-4D68-8809-1EC3F31BD2B0}.Release|Any CPU.Build.0 = Release|Any CPU
		{CB001D52-2BAC-4D68-8809-1EC3F31BD2B0}.Release|x86.ActiveCfg = Release|Any CPU
		{CB001D52-2BAC-4D68-8809-1EC3F31BD2B0}.Release|x86.Build.0 = Release|Any CPU
		{23F1D90A-D9E2-41B8-AE50-86CB83115E23}.Debug|Any CPU.ActiveCfg = Debug|Any CPU
		{23F1D90A-D9E2-41B8-AE50-86CB83115E23}.Debug|Any CPU.Build.0 = Debug|Any CPU
		{23F1D90A-D9E2-41B8-AE50-86CB83115E23}.Debug|x86.ActiveCfg = Debug|Any CPU
		{23F1D90A-D9E2-41B8-AE50-86CB83115E23}.Debug|x86.Build.0 = Debug|Any CPU
		{23F1D90A-D9E2-41B8-AE50-86CB83115E23}.Release|Any CPU.ActiveCfg = Release|Any CPU
		{23F1D90A-D9E2-41B8-AE50-86CB83115E23}.Release|Any CPU.Build.0 = Release|Any CPU
		{23F1D90A-D9E2-41B8-AE50-86CB83115E23}.Release|x86.ActiveCfg = Release|Any CPU
		{23F1D90A-D9E2-41B8-AE50-86CB83115E23}.Release|x86.Build.0 = Release|Any CPU
		{CADB5959-781F-4959-BDAE-8590AC113C1E}.Debug|Any CPU.ActiveCfg = Debug|Any CPU
		{CADB5959-781F-4959-BDAE-8590AC113C1E}.Debug|Any CPU.Build.0 = Debug|Any CPU
		{CADB5959-781F-4959-BDAE-8590AC113C1E}.Debug|x86.ActiveCfg = Debug|Any CPU
		{CADB5959-781F-4959-BDAE-8590AC113C1E}.Debug|x86.Build.0 = Debug|Any CPU
		{CADB5959-781F-4959-BDAE-8590AC113C1E}.Release|Any CPU.ActiveCfg = Release|Any CPU
		{CADB5959-781F-4959-BDAE-8590AC113C1E}.Release|Any CPU.Build.0 = Release|Any CPU
		{CADB5959-781F-4959-BDAE-8590AC113C1E}.Release|x86.ActiveCfg = Release|Any CPU
		{CADB5959-781F-4959-BDAE-8590AC113C1E}.Release|x86.Build.0 = Release|Any CPU
		{2FB0D42E-2D4F-4097-970A-BCDA7D63A81C}.Debug|Any CPU.ActiveCfg = Debug|x86
		{2FB0D42E-2D4F-4097-970A-BCDA7D63A81C}.Debug|Any CPU.Build.0 = Debug|x86
		{2FB0D42E-2D4F-4097-970A-BCDA7D63A81C}.Debug|x86.ActiveCfg = Debug|x86
		{2FB0D42E-2D4F-4097-970A-BCDA7D63A81C}.Debug|x86.Build.0 = Debug|x86
		{2FB0D42E-2D4F-4097-970A-BCDA7D63A81C}.Release|Any CPU.ActiveCfg = Release|x86
		{2FB0D42E-2D4F-4097-970A-BCDA7D63A81C}.Release|Any CPU.Build.0 = Release|x86
		{2FB0D42E-2D4F-4097-970A-BCDA7D63A81C}.Release|x86.ActiveCfg = Release|x86
		{2FB0D42E-2D4F-4097-970A-BCDA7D63A81C}.Release|x86.Build.0 = Release|x86
		{E2387655-B202-464B-B79E-66580924E0F9}.Debug|Any CPU.ActiveCfg = Debug|x86
		{E2387655-B202-464B-B79E-66580924E0F9}.Debug|Any CPU.Build.0 = Debug|x86
		{E2387655-B202-464B-B79E-66580924E0F9}.Debug|x86.ActiveCfg = Debug|x86
		{E2387655-B202-464B-B79E-66580924E0F9}.Debug|x86.Build.0 = Debug|x86
		{E2387655-B202-464B-B79E-66580924E0F9}.Release|Any CPU.ActiveCfg = Release|x86
		{E2387655-B202-464B-B79E-66580924E0F9}.Release|Any CPU.Build.0 = Release|x86
		{E2387655-B202-464B-B79E-66580924E0F9}.Release|x86.ActiveCfg = Release|x86
		{E2387655-B202-464B-B79E-66580924E0F9}.Release|x86.Build.0 = Release|x86
		{003AEE9B-AF40-4FA6-A2B1-D7CE0D205A05}.Debug|Any CPU.ActiveCfg = Debug|Any CPU
		{003AEE9B-AF40-4FA6-A2B1-D7CE0D205A05}.Debug|Any CPU.Build.0 = Debug|Any CPU
		{003AEE9B-AF40-4FA6-A2B1-D7CE0D205A05}.Debug|x86.ActiveCfg = Debug|Any CPU
		{003AEE9B-AF40-4FA6-A2B1-D7CE0D205A05}.Debug|x86.Build.0 = Debug|Any CPU
		{003AEE9B-AF40-4FA6-A2B1-D7CE0D205A05}.Release|Any CPU.ActiveCfg = Release|Any CPU
		{003AEE9B-AF40-4FA6-A2B1-D7CE0D205A05}.Release|Any CPU.Build.0 = Release|Any CPU
		{003AEE9B-AF40-4FA6-A2B1-D7CE0D205A05}.Release|x86.ActiveCfg = Release|Any CPU
		{003AEE9B-AF40-4FA6-A2B1-D7CE0D205A05}.Release|x86.Build.0 = Release|Any CPU
		{8B9002C9-AA9F-4598-AFAA-A3324011275D}.Debug|Any CPU.ActiveCfg = Debug|Any CPU
		{8B9002C9-AA9F-4598-AFAA-A3324011275D}.Debug|Any CPU.Build.0 = Debug|Any CPU
		{8B9002C9-AA9F-4598-AFAA-A3324011275D}.Debug|x86.ActiveCfg = Debug|Any CPU
		{8B9002C9-AA9F-4598-AFAA-A3324011275D}.Debug|x86.Build.0 = Debug|Any CPU
		{8B9002C9-AA9F-4598-AFAA-A3324011275D}.Release|Any CPU.ActiveCfg = Release|Any CPU
		{8B9002C9-AA9F-4598-AFAA-A3324011275D}.Release|Any CPU.Build.0 = Release|Any CPU
		{8B9002C9-AA9F-4598-AFAA-A3324011275D}.Release|x86.ActiveCfg = Release|Any CPU
		{8B9002C9-AA9F-4598-AFAA-A3324011275D}.Release|x86.Build.0 = Release|Any CPU
		{48074413-9051-4317-AD83-5333947C1C71}.Debug|Any CPU.ActiveCfg = Debug|Any CPU
		{48074413-9051-4317-AD83-5333947C1C71}.Debug|Any CPU.Build.0 = Debug|Any CPU
		{48074413-9051-4317-AD83-5333947C1C71}.Debug|x86.ActiveCfg = Debug|Any CPU
		{48074413-9051-4317-AD83-5333947C1C71}.Debug|x86.Build.0 = Debug|Any CPU
		{48074413-9051-4317-AD83-5333947C1C71}.Release|Any CPU.ActiveCfg = Release|Any CPU
		{48074413-9051-4317-AD83-5333947C1C71}.Release|Any CPU.Build.0 = Release|Any CPU
		{48074413-9051-4317-AD83-5333947C1C71}.Release|x86.ActiveCfg = Release|Any CPU
		{48074413-9051-4317-AD83-5333947C1C71}.Release|x86.Build.0 = Release|Any CPU
	EndGlobalSection
	GlobalSection(SolutionProperties) = preSolution
		HideSolutionNode = FALSE
	EndGlobalSection
	GlobalSection(ExtensibilityGlobals) = postSolution
		SolutionGuid = {FC505B82-D6A6-4174-B28B-A19877F83711}
	EndGlobalSection
EndGlobal
