
Microsoft Visual Studio Solution File, Format Version 12.00
# Visual Studio Version 17
VisualStudioVersion = 17.4.33110.190
MinimumVisualStudioVersion = 10.0.40219.1
Project("{FAE04EC0-301F-11D3-BF4B-00C04F79EFBC}") = "WebApplication1", "WebApplication1\WebApplication1.csproj", "{367DFFE0-06EA-48C1-B6D5-2DD8748B0C8A}"
EndProject
Project("{FAE04EC0-301F-11D3-BF4B-00C04F79EFBC}") = "ConsoleApp1", "ConsoleApp1\ConsoleApp1.csproj", "{81B92259-0E50-494E-B491-4A8ABE41481A}"
EndProject
Project("{2150E333-8FDC-42A3-9474-1A3956D46DE8}") = "Datas", "Datas", "{05831A16-084B-47D2-A3CB-D08F3C32D78D}"
	ProjectSection(SolutionItems) = preProject
		Fdata\PAYS.xls = Fdata\PAYS.xls
	EndProjectSection
EndProject
Project("{FAE04EC0-301F-11D3-BF4B-00C04F79EFBC}") = "ConsoleAppPipe", "ConsoleAppPipe\ConsoleAppPipe.csproj", "{7E3C1365-8D91-4FD0-860A-BD898CEE0148}"
EndProject
Project("{FAE04EC0-301F-11D3-BF4B-00C04F79EFBC}") = "ConsoleAppPipeClient", "ConsoleAppPipeClient\ConsoleAppPipeClient.csproj", "{0F294AF7-42C2-4B41-A02C-1EC6C5F06D58}"
EndProject
Project("{9A19103F-16F7-4668-BE54-9A1E7A4F7556}") = "WpfApp1_PipeServer", "WpfApp1_PipeServer\WpfApp1_PipeServer.csproj", "{B8303359-2BD3-4BEF-AAC4-925A69A59C47}"
EndProject
Project("{9A19103F-16F7-4668-BE54-9A1E7A4F7556}") = "WpfApp1_PipeClient", "WpfApp1_PipeClient\WpfApp1_PipeClient.csproj", "{CE09A661-C879-4A1B-9B04-AA5DFD66FB99}"
EndProject
Project("{9A19103F-16F7-4668-BE54-9A1E7A4F7556}") = "WpfApp_MemMapFile", "WpfApp_MemMapFile\WpfApp_MemMapFile.csproj", "{EEE20F4A-76A3-44A9-AE94-EAA94D7B903F}"
EndProject
Project("{9A19103F-16F7-4668-BE54-9A1E7A4F7556}") = "WpfApp2_MemMapFile", "WpfApp2_MemMapFile\WpfApp2_MemMapFile.csproj", "{617ADFE2-B3E4-4BE7-859A-DA5D016EB5FF}"
EndProject
Project("{9A19103F-16F7-4668-BE54-9A1E7A4F7556}") = "ConsoleApp2_NET6", "ConsoleApp2_NET6\ConsoleApp2_NET6.csproj", "{A8DB1D64-78F9-421B-80FF-697270747BE7}"
EndProject
Project("{FAE04EC0-301F-11D3-BF4B-00C04F79EFBC}") = "ConsoleApp_Expressions", "ConsoleApp_Expressions\ConsoleApp_Expressions.csproj", "{6CF5657E-DC60-4940-B60E-3269EAFDAE86}"
EndProject
Global
	GlobalSection(SolutionConfigurationPlatforms) = preSolution
		Debug|Any CPU = Debug|Any CPU
		Release|Any CPU = Release|Any CPU
	EndGlobalSection
	GlobalSection(ProjectConfigurationPlatforms) = postSolution
		{367DFFE0-06EA-48C1-B6D5-2DD8748B0C8A}.Debug|Any CPU.ActiveCfg = Debug|Any CPU
		{367DFFE0-06EA-48C1-B6D5-2DD8748B0C8A}.Debug|Any CPU.Build.0 = Debug|Any CPU
		{367DFFE0-06EA-48C1-B6D5-2DD8748B0C8A}.Release|Any CPU.ActiveCfg = Release|Any CPU
		{367DFFE0-06EA-48C1-B6D5-2DD8748B0C8A}.Release|Any CPU.Build.0 = Release|Any CPU
		{81B92259-0E50-494E-B491-4A8ABE41481A}.Debug|Any CPU.ActiveCfg = Debug|Any CPU
		{81B92259-0E50-494E-B491-4A8ABE41481A}.Debug|Any CPU.Build.0 = Debug|Any CPU
		{81B92259-0E50-494E-B491-4A8ABE41481A}.Release|Any CPU.ActiveCfg = Release|Any CPU
		{81B92259-0E50-494E-B491-4A8ABE41481A}.Release|Any CPU.Build.0 = Release|Any CPU
		{7E3C1365-8D91-4FD0-860A-BD898CEE0148}.Debug|Any CPU.ActiveCfg = Debug|Any CPU
		{7E3C1365-8D91-4FD0-860A-BD898CEE0148}.Debug|Any CPU.Build.0 = Debug|Any CPU
		{7E3C1365-8D91-4FD0-860A-BD898CEE0148}.Release|Any CPU.ActiveCfg = Release|Any CPU
		{7E3C1365-8D91-4FD0-860A-BD898CEE0148}.Release|Any CPU.Build.0 = Release|Any CPU
		{0F294AF7-42C2-4B41-A02C-1EC6C5F06D58}.Debug|Any CPU.ActiveCfg = Debug|Any CPU
		{0F294AF7-42C2-4B41-A02C-1EC6C5F06D58}.Debug|Any CPU.Build.0 = Debug|Any CPU
		{0F294AF7-42C2-4B41-A02C-1EC6C5F06D58}.Release|Any CPU.ActiveCfg = Release|Any CPU
		{0F294AF7-42C2-4B41-A02C-1EC6C5F06D58}.Release|Any CPU.Build.0 = Release|Any CPU
		{B8303359-2BD3-4BEF-AAC4-925A69A59C47}.Debug|Any CPU.ActiveCfg = Debug|Any CPU
		{B8303359-2BD3-4BEF-AAC4-925A69A59C47}.Debug|Any CPU.Build.0 = Debug|Any CPU
		{B8303359-2BD3-4BEF-AAC4-925A69A59C47}.Release|Any CPU.ActiveCfg = Release|Any CPU
		{B8303359-2BD3-4BEF-AAC4-925A69A59C47}.Release|Any CPU.Build.0 = Release|Any CPU
		{CE09A661-C879-4A1B-9B04-AA5DFD66FB99}.Debug|Any CPU.ActiveCfg = Debug|Any CPU
		{CE09A661-C879-4A1B-9B04-AA5DFD66FB99}.Debug|Any CPU.Build.0 = Debug|Any CPU
		{CE09A661-C879-4A1B-9B04-AA5DFD66FB99}.Release|Any CPU.ActiveCfg = Release|Any CPU
		{CE09A661-C879-4A1B-9B04-AA5DFD66FB99}.Release|Any CPU.Build.0 = Release|Any CPU
		{EEE20F4A-76A3-44A9-AE94-EAA94D7B903F}.Debug|Any CPU.ActiveCfg = Debug|Any CPU
		{EEE20F4A-76A3-44A9-AE94-EAA94D7B903F}.Debug|Any CPU.Build.0 = Debug|Any CPU
		{EEE20F4A-76A3-44A9-AE94-EAA94D7B903F}.Release|Any CPU.ActiveCfg = Release|Any CPU
		{EEE20F4A-76A3-44A9-AE94-EAA94D7B903F}.Release|Any CPU.Build.0 = Release|Any CPU
		{617ADFE2-B3E4-4BE7-859A-DA5D016EB5FF}.Debug|Any CPU.ActiveCfg = Debug|Any CPU
		{617ADFE2-B3E4-4BE7-859A-DA5D016EB5FF}.Debug|Any CPU.Build.0 = Debug|Any CPU
		{617ADFE2-B3E4-4BE7-859A-DA5D016EB5FF}.Release|Any CPU.ActiveCfg = Release|Any CPU
		{617ADFE2-B3E4-4BE7-859A-DA5D016EB5FF}.Release|Any CPU.Build.0 = Release|Any CPU
		{A8DB1D64-78F9-421B-80FF-697270747BE7}.Debug|Any CPU.ActiveCfg = Debug|Any CPU
		{A8DB1D64-78F9-421B-80FF-697270747BE7}.Debug|Any CPU.Build.0 = Debug|Any CPU
		{A8DB1D64-78F9-421B-80FF-697270747BE7}.Release|Any CPU.ActiveCfg = Release|Any CPU
		{A8DB1D64-78F9-421B-80FF-697270747BE7}.Release|Any CPU.Build.0 = Release|Any CPU
		{6CF5657E-DC60-4940-B60E-3269EAFDAE86}.Debug|Any CPU.ActiveCfg = Debug|Any CPU
		{6CF5657E-DC60-4940-B60E-3269EAFDAE86}.Debug|Any CPU.Build.0 = Debug|Any CPU
		{6CF5657E-DC60-4940-B60E-3269EAFDAE86}.Release|Any CPU.ActiveCfg = Release|Any CPU
		{6CF5657E-DC60-4940-B60E-3269EAFDAE86}.Release|Any CPU.Build.0 = Release|Any CPU
	EndGlobalSection
	GlobalSection(SolutionProperties) = preSolution
		HideSolutionNode = FALSE
	EndGlobalSection
	GlobalSection(ExtensibilityGlobals) = postSolution
		SolutionGuid = {BDE1FEA0-DF6B-4112-81B2-E54852DAB85F}
	EndGlobalSection
EndGlobal
