
Microsoft Visual Studio Solution File, Format Version 12.00
# Visual Studio Version 17
VisualStudioVersion = 17.4.33110.190
MinimumVisualStudioVersion = 10.0.40219.1
Project("{FAE04EC0-301F-11D3-BF4B-00C04F79EFBC}") = "WebApplication1", "WebApplication1\WebApplication1.csproj", "{367DFFE0-06EA-48C1-B6D5-2DD8748B0C8A}"
EndProject
Project("{FAE04EC0-301F-11D3-BF4B-00C04F79EFBC}") = "ConsoleApp1", "ConsoleApp1\ConsoleApp1.csproj", "{81B92259-0E50-494E-B491-4A8ABE41481A}"
EndProject
Project("{2150E333-8FDC-42A3-9474-1A3956D46DE8}") = "Datas", "Datas", "{05831A16-084B-47D2-A3CB-D08F3C32D78D}"
	ProjectSection(SolutionItems) = preProject
		Fdata\PAYS.xls = Fdata\PAYS.xls
	EndProjectSection
EndProject
Global
	GlobalSection(SolutionConfigurationPlatforms) = preSolution
		Debug|Any CPU = Debug|Any CPU
		Release|Any CPU = Release|Any CPU
	EndGlobalSection
	GlobalSection(ProjectConfigurationPlatforms) = postSolution
		{367DFFE0-06EA-48C1-B6D5-2DD8748B0C8A}.Debug|Any CPU.ActiveCfg = Debug|Any CPU
		{367DFFE0-06EA-48C1-B6D5-2DD8748B0C8A}.Debug|Any CPU.Build.0 = Debug|Any CPU
		{367DFFE0-06EA-48C1-B6D5-2DD8748B0C8A}.Release|Any CPU.ActiveCfg = Release|Any CPU
		{367DFFE0-06EA-48C1-B6D5-2DD8748B0C8A}.Release|Any CPU.Build.0 = Release|Any CPU
		{81B92259-0E50-494E-B491-4A8ABE41481A}.Debug|Any CPU.ActiveCfg = Debug|Any CPU
		{81B92259-0E50-494E-B491-4A8ABE41481A}.Debug|Any CPU.Build.0 = Debug|Any CPU
		{81B92259-0E50-494E-B491-4A8ABE41481A}.Release|Any CPU.ActiveCfg = Release|Any CPU
		{81B92259-0E50-494E-B491-4A8ABE41481A}.Release|Any CPU.Build.0 = Release|Any CPU
	EndGlobalSection
	GlobalSection(SolutionProperties) = preSolution
		HideSolutionNode = FALSE
	EndGlobalSection
	GlobalSection(ExtensibilityGlobals) = postSolution
		SolutionGuid = {BDE1FEA0-DF6B-4112-81B2-E54852DAB85F}
	EndGlobalSection
EndGlobal
