
Microsoft Visual Studio Solution File, Format Version 12.00
# Visual Studio Version 17
VisualStudioVersion = 17.2.32526.322
MinimumVisualStudioVersion = 10.0.40219.1
Project("{FAE04EC0-301F-11D3-BF4B-00C04F79EFBC}") = "WebApp", "WebApp\WebApp.csproj", "{07177777-3630-4E50-A115-B6DDB585B78A}"
EndProject
Project("{FAE04EC0-301F-11D3-BF4B-00C04F79EFBC}") = "AspWebFormNoupd", "AspWebFormNoupd\AspWebFormNoupd.csproj", "{036DE686-6F41-4051-9741-149E0A244494}"
EndProject
Global
	GlobalSection(SolutionConfigurationPlatforms) = preSolution
		Debug|Any CPU = Debug|Any CPU
		Release|Any CPU = Release|Any CPU
	EndGlobalSection
	GlobalSection(ProjectConfigurationPlatforms) = postSolution
		{07177777-3630-4E50-A115-B6DDB585B78A}.Debug|Any CPU.ActiveCfg = Debug|Any CPU
		{07177777-3630-4E50-A115-B6DDB585B78A}.Debug|Any CPU.Build.0 = Debug|Any CPU
		{07177777-3630-4E50-A115-B6DDB585B78A}.Release|Any CPU.ActiveCfg = Release|Any CPU
		{07177777-3630-4E50-A115-B6DDB585B78A}.Release|Any CPU.Build.0 = Release|Any CPU
		{036DE686-6F41-4051-9741-149E0A244494}.Debug|Any CPU.ActiveCfg = Debug|Any CPU
		{036DE686-6F41-4051-9741-149E0A244494}.Debug|Any CPU.Build.0 = Debug|Any CPU
		{036DE686-6F41-4051-9741-149E0A244494}.Release|Any CPU.ActiveCfg = Release|Any CPU
		{036DE686-6F41-4051-9741-149E0A244494}.Release|Any CPU.Build.0 = Release|Any CPU
	EndGlobalSection
	GlobalSection(SolutionProperties) = preSolution
		HideSolutionNode = FALSE
	EndGlobalSection
	GlobalSection(ExtensibilityGlobals) = postSolution
		SolutionGuid = {91D892A5-B336-41CB-B780-52BF0F56386B}
	EndGlobalSection
EndGlobal
